// !$*UTF8*$!
{
	archiveVersion = 1;
	classes = {
	};
	objectVersion = 55;
	objects = {

/* Begin PBXBuildFile section */
		1D0401D83DAF54DD8CD3C38D /* Pods_AttendlyKSU.framework in Frameworks */ = {isa = PBXBuildFile; fileRef = 96E26E25BF19D788BDDFED1B /* Pods_AttendlyKSU.framework */; };
		343FF90128CF5627008C2467 /* AppDelegate.swift in Sources */ = {isa = PBXBuildFile; fileRef = 343FF90028CF5627008C2467 /* AppDelegate.swift */; };
		343FF90328CF5627008C2467 /* SceneDelegate.swift in Sources */ = {isa = PBXBuildFile; fileRef = 343FF90228CF5627008C2467 /* SceneDelegate.swift */; };
		343FF90528CF5627008C2467 /* ViewController.swift in Sources */ = {isa = PBXBuildFile; fileRef = 343FF90428CF5627008C2467 /* ViewController.swift */; };
		343FF90828CF5627008C2467 /* Main.storyboard in Resources */ = {isa = PBXBuildFile; fileRef = 343FF90628CF5627008C2467 /* Main.storyboard */; };
		343FF90A28CF5629008C2467 /* Assets.xcassets in Resources */ = {isa = PBXBuildFile; fileRef = 343FF90928CF5629008C2467 /* Assets.xcassets */; };
		343FF90D28CF5629008C2467 /* LaunchScreen.storyboard in Resources */ = {isa = PBXBuildFile; fileRef = 343FF90B28CF5629008C2467 /* LaunchScreen.storyboard */; };
		343FF91728CF5C71008C2467 /* GoogleService-Info-com.software.AttendlyKSU.plist in Resources */ = {isa = PBXBuildFile; fileRef = 343FF91628CF5C70008C2467 /* GoogleService-Info-com.software.AttendlyKSU.plist */; };
		343FF91A28CF6694008C2467 /* FirebaseAnalytics in Frameworks */ = {isa = PBXBuildFile; productRef = 343FF91928CF6694008C2467 /* FirebaseAnalytics */; };
		343FF91C28CF6694008C2467 /* FirebaseAnalyticsOnDeviceConversion in Frameworks */ = {isa = PBXBuildFile; productRef = 343FF91B28CF6694008C2467 /* FirebaseAnalyticsOnDeviceConversion */; };
		343FF91E28CF6694008C2467 /* FirebaseAnalyticsSwift in Frameworks */ = {isa = PBXBuildFile; productRef = 343FF91D28CF6694008C2467 /* FirebaseAnalyticsSwift */; };
		343FF92028CF6694008C2467 /* FirebaseAnalyticsWithoutAdIdSupport in Frameworks */ = {isa = PBXBuildFile; productRef = 343FF91F28CF6694008C2467 /* FirebaseAnalyticsWithoutAdIdSupport */; };
		343FF92228CF6694008C2467 /* FirebaseAppCheck in Frameworks */ = {isa = PBXBuildFile; productRef = 343FF92128CF6694008C2467 /* FirebaseAppCheck */; };
		343FF92428CF6694008C2467 /* FirebaseAppDistribution-Beta in Frameworks */ = {isa = PBXBuildFile; productRef = 343FF92328CF6694008C2467 /* FirebaseAppDistribution-Beta */; };
		343FF92628CF6694008C2467 /* FirebaseAuth in Frameworks */ = {isa = PBXBuildFile; productRef = 343FF92528CF6694008C2467 /* FirebaseAuth */; };
		343FF92828CF6694008C2467 /* FirebaseAuthCombine-Community in Frameworks */ = {isa = PBXBuildFile; productRef = 343FF92728CF6694008C2467 /* FirebaseAuthCombine-Community */; };
		343FF92A28CF6694008C2467 /* FirebaseCrashlytics in Frameworks */ = {isa = PBXBuildFile; productRef = 343FF92928CF6694008C2467 /* FirebaseCrashlytics */; };
		343FF92C28CF6694008C2467 /* FirebaseDatabase in Frameworks */ = {isa = PBXBuildFile; productRef = 343FF92B28CF6694008C2467 /* FirebaseDatabase */; };
		343FF92E28CF6694008C2467 /* FirebaseDatabaseSwift in Frameworks */ = {isa = PBXBuildFile; productRef = 343FF92D28CF6694008C2467 /* FirebaseDatabaseSwift */; };
		343FF93028CF6694008C2467 /* FirebaseDynamicLinks in Frameworks */ = {isa = PBXBuildFile; productRef = 343FF92F28CF6694008C2467 /* FirebaseDynamicLinks */; };
		343FF93228CF6694008C2467 /* FirebaseFirestore in Frameworks */ = {isa = PBXBuildFile; productRef = 343FF93128CF6694008C2467 /* FirebaseFirestore */; };
		343FF93428CF6694008C2467 /* FirebaseFirestoreCombine-Community in Frameworks */ = {isa = PBXBuildFile; productRef = 343FF93328CF6694008C2467 /* FirebaseFirestoreCombine-Community */; };
		343FF93628CF6694008C2467 /* FirebaseFirestoreSwift in Frameworks */ = {isa = PBXBuildFile; productRef = 343FF93528CF6694008C2467 /* FirebaseFirestoreSwift */; };
		343FF93828CF6694008C2467 /* FirebaseFunctions in Frameworks */ = {isa = PBXBuildFile; productRef = 343FF93728CF6694008C2467 /* FirebaseFunctions */; };
		343FF93A28CF6694008C2467 /* FirebaseFunctionsCombine-Community in Frameworks */ = {isa = PBXBuildFile; productRef = 343FF93928CF6694008C2467 /* FirebaseFunctionsCombine-Community */; };
		343FF93C28CF6694008C2467 /* FirebaseInAppMessaging-Beta in Frameworks */ = {isa = PBXBuildFile; productRef = 343FF93B28CF6694008C2467 /* FirebaseInAppMessaging-Beta */; };
		343FF93E28CF6694008C2467 /* FirebaseInAppMessagingSwift-Beta in Frameworks */ = {isa = PBXBuildFile; productRef = 343FF93D28CF6694008C2467 /* FirebaseInAppMessagingSwift-Beta */; };
		343FF94028CF6694008C2467 /* FirebaseInstallations in Frameworks */ = {isa = PBXBuildFile; productRef = 343FF93F28CF6694008C2467 /* FirebaseInstallations */; };
		343FF94228CF6694008C2467 /* FirebaseMLModelDownloader in Frameworks */ = {isa = PBXBuildFile; productRef = 343FF94128CF6694008C2467 /* FirebaseMLModelDownloader */; };
		343FF94428CF6694008C2467 /* FirebaseMessaging in Frameworks */ = {isa = PBXBuildFile; productRef = 343FF94328CF6694008C2467 /* FirebaseMessaging */; };
		343FF94628CF6694008C2467 /* FirebasePerformance in Frameworks */ = {isa = PBXBuildFile; productRef = 343FF94528CF6694008C2467 /* FirebasePerformance */; };
		343FF94828CF6694008C2467 /* FirebaseRemoteConfig in Frameworks */ = {isa = PBXBuildFile; productRef = 343FF94728CF6694008C2467 /* FirebaseRemoteConfig */; };
		343FF94A28CF6694008C2467 /* FirebaseRemoteConfigSwift in Frameworks */ = {isa = PBXBuildFile; productRef = 343FF94928CF6694008C2467 /* FirebaseRemoteConfigSwift */; };
		343FF94C28CF6694008C2467 /* FirebaseStorage in Frameworks */ = {isa = PBXBuildFile; productRef = 343FF94B28CF6694008C2467 /* FirebaseStorage */; };
		343FF94E28CF6694008C2467 /* FirebaseStorageCombine-Community in Frameworks */ = {isa = PBXBuildFile; productRef = 343FF94D28CF6694008C2467 /* FirebaseStorageCombine-Community */; };
/* End PBXBuildFile section */

/* Begin PBXFileReference section */
		343FF8FD28CF5627008C2467 /* AttendlyKSU.app */ = {isa = PBXFileReference; explicitFileType = wrapper.application; includeInIndex = 0; path = AttendlyKSU.app; sourceTree = BUILT_PRODUCTS_DIR; };
		343FF90028CF5627008C2467 /* AppDelegate.swift */ = {isa = PBXFileReference; lastKnownFileType = sourcecode.swift; path = AppDelegate.swift; sourceTree = "<group>"; };
		343FF90228CF5627008C2467 /* SceneDelegate.swift */ = {isa = PBXFileReference; lastKnownFileType = sourcecode.swift; path = SceneDelegate.swift; sourceTree = "<group>"; };
		343FF90428CF5627008C2467 /* ViewController.swift */ = {isa = PBXFileReference; lastKnownFileType = sourcecode.swift; path = ViewController.swift; sourceTree = "<group>"; };
		343FF90728CF5627008C2467 /* Base */ = {isa = PBXFileReference; lastKnownFileType = file.storyboard; name = Base; path = Base.lproj/Main.storyboard; sourceTree = "<group>"; };
		343FF90928CF5629008C2467 /* Assets.xcassets */ = {isa = PBXFileReference; lastKnownFileType = folder.assetcatalog; path = Assets.xcassets; sourceTree = "<group>"; };
		343FF90C28CF5629008C2467 /* Base */ = {isa = PBXFileReference; lastKnownFileType = file.storyboard; name = Base; path = Base.lproj/LaunchScreen.storyboard; sourceTree = "<group>"; };
		343FF90E28CF5629008C2467 /* Info.plist */ = {isa = PBXFileReference; lastKnownFileType = text.plist.xml; path = Info.plist; sourceTree = "<group>"; };
		343FF91628CF5C70008C2467 /* GoogleService-Info-com.software.AttendlyKSU.plist */ = {isa = PBXFileReference; fileEncoding = 4; lastKnownFileType = text.plist.xml; name = "GoogleService-Info-com.software.AttendlyKSU.plist"; path = "../../../Downloads/GoogleService-Info-com.software.AttendlyKSU.plist"; sourceTree = "<group>"; };
		614748E36A23D38C516B6F90 /* Pods-AttendlyKSU.release.xcconfig */ = {isa = PBXFileReference; includeInIndex = 1; lastKnownFileType = text.xcconfig; name = "Pods-AttendlyKSU.release.xcconfig"; path = "Target Support Files/Pods-AttendlyKSU/Pods-AttendlyKSU.release.xcconfig"; sourceTree = "<group>"; };
		96E26E25BF19D788BDDFED1B /* Pods_AttendlyKSU.framework */ = {isa = PBXFileReference; explicitFileType = wrapper.framework; includeInIndex = 0; path = Pods_AttendlyKSU.framework; sourceTree = BUILT_PRODUCTS_DIR; };
		CBF32096CFBF756BCC9BC6C7 /* Pods-AttendlyKSU.debug.xcconfig */ = {isa = PBXFileReference; includeInIndex = 1; lastKnownFileType = text.xcconfig; name = "Pods-AttendlyKSU.debug.xcconfig"; path = "Target Support Files/Pods-AttendlyKSU/Pods-AttendlyKSU.debug.xcconfig"; sourceTree = "<group>"; };
/* End PBXFileReference section */

/* Begin PBXFrameworksBuildPhase section */
		343FF8FA28CF5627008C2467 /* Frameworks */ = {
			isa = PBXFrameworksBuildPhase;
			buildActionMask = 2147483647;
			files = (
				343FF93828CF6694008C2467 /* FirebaseFunctions in Frameworks */,
				343FF92E28CF6694008C2467 /* FirebaseDatabaseSwift in Frameworks */,
				343FF93E28CF6694008C2467 /* FirebaseInAppMessagingSwift-Beta in Frameworks */,
				343FF94428CF6694008C2467 /* FirebaseMessaging in Frameworks */,
				343FF92428CF6694008C2467 /* FirebaseAppDistribution-Beta in Frameworks */,
				343FF92828CF6694008C2467 /* FirebaseAuthCombine-Community in Frameworks */,
				343FF93428CF6694008C2467 /* FirebaseFirestoreCombine-Community in Frameworks */,
				343FF91E28CF6694008C2467 /* FirebaseAnalyticsSwift in Frameworks */,
				343FF94228CF6694008C2467 /* FirebaseMLModelDownloader in Frameworks */,
				343FF92028CF6694008C2467 /* FirebaseAnalyticsWithoutAdIdSupport in Frameworks */,
				343FF91A28CF6694008C2467 /* FirebaseAnalytics in Frameworks */,
				343FF93628CF6694008C2467 /* FirebaseFirestoreSwift in Frameworks */,
				343FF91C28CF6694008C2467 /* FirebaseAnalyticsOnDeviceConversion in Frameworks */,
				343FF92228CF6694008C2467 /* FirebaseAppCheck in Frameworks */,
				343FF94628CF6694008C2467 /* FirebasePerformance in Frameworks */,
				343FF93C28CF6694008C2467 /* FirebaseInAppMessaging-Beta in Frameworks */,
				343FF93A28CF6694008C2467 /* FirebaseFunctionsCombine-Community in Frameworks */,
				343FF92A28CF6694008C2467 /* FirebaseCrashlytics in Frameworks */,
				343FF94028CF6694008C2467 /* FirebaseInstallations in Frameworks */,
				343FF94828CF6694008C2467 /* FirebaseRemoteConfig in Frameworks */,
				343FF94C28CF6694008C2467 /* FirebaseStorage in Frameworks */,
				343FF92C28CF6694008C2467 /* FirebaseDatabase in Frameworks */,
				343FF94E28CF6694008C2467 /* FirebaseStorageCombine-Community in Frameworks */,
				1D0401D83DAF54DD8CD3C38D /* Pods_AttendlyKSU.framework in Frameworks */,
				343FF92628CF6694008C2467 /* FirebaseAuth in Frameworks */,
				343FF93028CF6694008C2467 /* FirebaseDynamicLinks in Frameworks */,
				343FF93228CF6694008C2467 /* FirebaseFirestore in Frameworks */,
				343FF94A28CF6694008C2467 /* FirebaseRemoteConfigSwift in Frameworks */,
			);
			runOnlyForDeploymentPostprocessing = 0;
		};
/* End PBXFrameworksBuildPhase section */

/* Begin PBXGroup section */
		33C815008CB1210B4440ED42 /* Pods */ = {
			isa = PBXGroup;
			children = (
				CBF32096CFBF756BCC9BC6C7 /* Pods-AttendlyKSU.debug.xcconfig */,
				614748E36A23D38C516B6F90 /* Pods-AttendlyKSU.release.xcconfig */,
			);
			path = Pods;
			sourceTree = "<group>";
		};
		343FF8F428CF5627008C2467 = {
			isa = PBXGroup;
			children = (
				343FF8FF28CF5627008C2467 /* AttendlyKSU */,
				343FF8FE28CF5627008C2467 /* Products */,
				33C815008CB1210B4440ED42 /* Pods */,
				D6FBDF0A9E2F5AEEA5733920 /* Frameworks */,
			);
			sourceTree = "<group>";
		};
		343FF8FE28CF5627008C2467 /* Products */ = {
			isa = PBXGroup;
			children = (
				343FF8FD28CF5627008C2467 /* AttendlyKSU.app */,
			);
			name = Products;
			sourceTree = "<group>";
		};
		343FF8FF28CF5627008C2467 /* AttendlyKSU */ = {
			isa = PBXGroup;
			children = (
				343FF90028CF5627008C2467 /* AppDelegate.swift */,
				343FF90228CF5627008C2467 /* SceneDelegate.swift */,
				343FF90428CF5627008C2467 /* ViewController.swift */,
				343FF90628CF5627008C2467 /* Main.storyboard */,
				343FF90928CF5629008C2467 /* Assets.xcassets */,
				343FF90B28CF5629008C2467 /* LaunchScreen.storyboard */,
				343FF90E28CF5629008C2467 /* Info.plist */,
				343FF91628CF5C70008C2467 /* GoogleService-Info-com.software.AttendlyKSU.plist */,
			);
			path = AttendlyKSU;
			sourceTree = "<group>";
		};
		D6FBDF0A9E2F5AEEA5733920 /* Frameworks */ = {
			isa = PBXGroup;
			children = (
				96E26E25BF19D788BDDFED1B /* Pods_AttendlyKSU.framework */,
			);
			name = Frameworks;
			sourceTree = "<group>";
		};
/* End PBXGroup section */

/* Begin PBXNativeTarget section */
		343FF8FC28CF5627008C2467 /* AttendlyKSU */ = {
			isa = PBXNativeTarget;
			buildConfigurationList = 343FF91128CF5629008C2467 /* Build configuration list for PBXNativeTarget "AttendlyKSU" */;
			buildPhases = (
				04109081122B2EB9984F3F0A /* [CP] Check Pods Manifest.lock */,
				343FF8F928CF5627008C2467 /* Sources */,
				343FF8FA28CF5627008C2467 /* Frameworks */,
				343FF8FB28CF5627008C2467 /* Resources */,
				D44891C424F3B6645F516AEA /* [CP] Embed Pods Frameworks */,
			);
			buildRules = (
			);
			dependencies = (
			);
			name = AttendlyKSU;
			packageProductDependencies = (
				343FF91928CF6694008C2467 /* FirebaseAnalytics */,
				343FF91B28CF6694008C2467 /* FirebaseAnalyticsOnDeviceConversion */,
				343FF91D28CF6694008C2467 /* FirebaseAnalyticsSwift */,
				343FF91F28CF6694008C2467 /* FirebaseAnalyticsWithoutAdIdSupport */,
				343FF92128CF6694008C2467 /* FirebaseAppCheck */,
				343FF92328CF6694008C2467 /* FirebaseAppDistribution-Beta */,
				343FF92528CF6694008C2467 /* FirebaseAuth */,
				343FF92728CF6694008C2467 /* FirebaseAuthCombine-Community */,
				343FF92928CF6694008C2467 /* FirebaseCrashlytics */,
				343FF92B28CF6694008C2467 /* FirebaseDatabase */,
				343FF92D28CF6694008C2467 /* FirebaseDatabaseSwift */,
				343FF92F28CF6694008C2467 /* FirebaseDynamicLinks */,
				343FF93128CF6694008C2467 /* FirebaseFirestore */,
				343FF93328CF6694008C2467 /* FirebaseFirestoreCombine-Community */,
				343FF93528CF6694008C2467 /* FirebaseFirestoreSwift */,
				343FF93728CF6694008C2467 /* FirebaseFunctions */,
				343FF93928CF6694008C2467 /* FirebaseFunctionsCombine-Community */,
				343FF93B28CF6694008C2467 /* FirebaseInAppMessaging-Beta */,
				343FF93D28CF6694008C2467 /* FirebaseInAppMessagingSwift-Beta */,
				343FF93F28CF6694008C2467 /* FirebaseInstallations */,
				343FF94128CF6694008C2467 /* FirebaseMLModelDownloader */,
				343FF94328CF6694008C2467 /* FirebaseMessaging */,
				343FF94528CF6694008C2467 /* FirebasePerformance */,
				343FF94728CF6694008C2467 /* FirebaseRemoteConfig */,
				343FF94928CF6694008C2467 /* FirebaseRemoteConfigSwift */,
				343FF94B28CF6694008C2467 /* FirebaseStorage */,
				343FF94D28CF6694008C2467 /* FirebaseStorageCombine-Community */,
			);
			productName = AttendlyKSU;
			productReference = 343FF8FD28CF5627008C2467 /* AttendlyKSU.app */;
			productType = "com.apple.product-type.application";
		};
/* End PBXNativeTarget section */

/* Begin PBXProject section */
		343FF8F528CF5627008C2467 /* Project object */ = {
			isa = PBXProject;
			attributes = {
				BuildIndependentTargetsInParallel = 1;
				LastSwiftUpdateCheck = 1340;
				LastUpgradeCheck = 1340;
				TargetAttributes = {
					343FF8FC28CF5627008C2467 = {
						CreatedOnToolsVersion = 13.4.1;
					};
				};
			};
			buildConfigurationList = 343FF8F828CF5627008C2467 /* Build configuration list for PBXProject "AttendlyKSU" */;
			compatibilityVersion = "Xcode 13.0";
			developmentRegion = en;
			hasScannedForEncodings = 0;
			knownRegions = (
				en,
				Base,
			);
			mainGroup = 343FF8F428CF5627008C2467;
			packageReferences = (
				343FF91828CF6694008C2467 /* XCRemoteSwiftPackageReference "firebase-ios-sdk" */,
			);
			productRefGroup = 343FF8FE28CF5627008C2467 /* Products */;
			projectDirPath = "";
			projectRoot = "";
			targets = (
				343FF8FC28CF5627008C2467 /* AttendlyKSU */,
			);
		};
/* End PBXProject section */

/* Begin PBXResourcesBuildPhase section */
		343FF8FB28CF5627008C2467 /* Resources */ = {
			isa = PBXResourcesBuildPhase;
			buildActionMask = 2147483647;
			files = (
				343FF90D28CF5629008C2467 /* LaunchScreen.storyboard in Resources */,
				343FF91728CF5C71008C2467 /* GoogleService-Info-com.software.AttendlyKSU.plist in Resources */,
				343FF90A28CF5629008C2467 /* Assets.xcassets in Resources */,
				343FF90828CF5627008C2467 /* Main.storyboard in Resources */,
			);
			runOnlyForDeploymentPostprocessing = 0;
		};
/* End PBXResourcesBuildPhase section */

/* Begin PBXShellScriptBuildPhase section */
		04109081122B2EB9984F3F0A /* [CP] Check Pods Manifest.lock */ = {
			isa = PBXShellScriptBuildPhase;
			buildActionMask = 2147483647;
			files = (
			);
			inputFileListPaths = (
			);
			inputPaths = (
				"${PODS_PODFILE_DIR_PATH}/Podfile.lock",
				"${PODS_ROOT}/Manifest.lock",
			);
			name = "[CP] Check Pods Manifest.lock";
			outputFileListPaths = (
			);
			outputPaths = (
				"$(DERIVED_FILE_DIR)/Pods-AttendlyKSU-checkManifestLockResult.txt",
			);
			runOnlyForDeploymentPostprocessing = 0;
			shellPath = /bin/sh;
			shellScript = "diff \"${PODS_PODFILE_DIR_PATH}/Podfile.lock\" \"${PODS_ROOT}/Manifest.lock\" > /dev/null\nif [ $? != 0 ] ; then\n    # print error to STDERR\n    echo \"error: The sandbox is not in sync with the Podfile.lock. Run 'pod install' or update your CocoaPods installation.\" >&2\n    exit 1\nfi\n# This output is used by Xcode 'outputs' to avoid re-running this script phase.\necho \"SUCCESS\" > \"${SCRIPT_OUTPUT_FILE_0}\"\n";
			showEnvVarsInLog = 0;
		};
		D44891C424F3B6645F516AEA /* [CP] Embed Pods Frameworks */ = {
			isa = PBXShellScriptBuildPhase;
			buildActionMask = 2147483647;
			files = (
			);
			inputFileListPaths = (
				"${PODS_ROOT}/Target Support Files/Pods-AttendlyKSU/Pods-AttendlyKSU-frameworks-${CONFIGURATION}-input-files.xcfilelist",
			);
			name = "[CP] Embed Pods Frameworks";
			outputFileListPaths = (
				"${PODS_ROOT}/Target Support Files/Pods-AttendlyKSU/Pods-AttendlyKSU-frameworks-${CONFIGURATION}-output-files.xcfilelist",
			);
			runOnlyForDeploymentPostprocessing = 0;
			shellPath = /bin/sh;
			shellScript = "\"${PODS_ROOT}/Target Support Files/Pods-AttendlyKSU/Pods-AttendlyKSU-frameworks.sh\"\n";
			showEnvVarsInLog = 0;
		};
/* End PBXShellScriptBuildPhase section */

/* Begin PBXSourcesBuildPhase section */
		343FF8F928CF5627008C2467 /* Sources */ = {
			isa = PBXSourcesBuildPhase;
			buildActionMask = 2147483647;
			files = (
				343FF90528CF5627008C2467 /* ViewController.swift in Sources */,
				343FF90128CF5627008C2467 /* AppDelegate.swift in Sources */,
				343FF90328CF5627008C2467 /* SceneDelegate.swift in Sources */,
			);
			runOnlyForDeploymentPostprocessing = 0;
		};
/* End PBXSourcesBuildPhase section */

/* Begin PBXVariantGroup section */
		343FF90628CF5627008C2467 /* Main.storyboard */ = {
			isa = PBXVariantGroup;
			children = (
				343FF90728CF5627008C2467 /* Base */,
			);
			name = Main.storyboard;
			sourceTree = "<group>";
		};
		343FF90B28CF5629008C2467 /* LaunchScreen.storyboard */ = {
			isa = PBXVariantGroup;
			children = (
				343FF90C28CF5629008C2467 /* Base */,
			);
			name = LaunchScreen.storyboard;
			sourceTree = "<group>";
		};
/* End PBXVariantGroup section */

/* Begin XCBuildConfiguration section */
		343FF90F28CF5629008C2467 /* Debug */ = {
			isa = XCBuildConfiguration;
			buildSettings = {
				ALWAYS_SEARCH_USER_PATHS = NO;
				CLANG_ANALYZER_NONNULL = YES;
				CLANG_ANALYZER_NUMBER_OBJECT_CONVERSION = YES_AGGRESSIVE;
				CLANG_CXX_LANGUAGE_STANDARD = "gnu++17";
				CLANG_ENABLE_MODULES = YES;
				CLANG_ENABLE_OBJC_ARC = YES;
				CLANG_ENABLE_OBJC_WEAK = YES;
				CLANG_WARN_BLOCK_CAPTURE_AUTORELEASING = YES;
				CLANG_WARN_BOOL_CONVERSION = YES;
				CLANG_WARN_COMMA = YES;
				CLANG_WARN_CONSTANT_CONVERSION = YES;
				CLANG_WARN_DEPRECATED_OBJC_IMPLEMENTATIONS = YES;
				CLANG_WARN_DIRECT_OBJC_ISA_USAGE = YES_ERROR;
				CLANG_WARN_DOCUMENTATION_COMMENTS = YES;
				CLANG_WARN_EMPTY_BODY = YES;
				CLANG_WARN_ENUM_CONVERSION = YES;
				CLANG_WARN_INFINITE_RECURSION = YES;
				CLANG_WARN_INT_CONVERSION = YES;
				CLANG_WARN_NON_LITERAL_NULL_CONVERSION = YES;
				CLANG_WARN_OBJC_IMPLICIT_RETAIN_SELF = YES;
				CLANG_WARN_OBJC_LITERAL_CONVERSION = YES;
				CLANG_WARN_OBJC_ROOT_CLASS = YES_ERROR;
				CLANG_WARN_QUOTED_INCLUDE_IN_FRAMEWORK_HEADER = YES;
				CLANG_WARN_RANGE_LOOP_ANALYSIS = YES;
				CLANG_WARN_STRICT_PROTOTYPES = YES;
				CLANG_WARN_SUSPICIOUS_MOVE = YES;
				CLANG_WARN_UNGUARDED_AVAILABILITY = YES_AGGRESSIVE;
				CLANG_WARN_UNREACHABLE_CODE = YES;
				CLANG_WARN__DUPLICATE_METHOD_MATCH = YES;
				COPY_PHASE_STRIP = NO;
				DEBUG_INFORMATION_FORMAT = dwarf;
				ENABLE_STRICT_OBJC_MSGSEND = YES;
				ENABLE_TESTABILITY = YES;
				GCC_C_LANGUAGE_STANDARD = gnu11;
				GCC_DYNAMIC_NO_PIC = NO;
				GCC_NO_COMMON_BLOCKS = YES;
				GCC_OPTIMIZATION_LEVEL = 0;
				GCC_PREPROCESSOR_DEFINITIONS = (
					"DEBUG=1",
					"$(inherited)",
				);
				GCC_WARN_64_TO_32_BIT_CONVERSION = YES;
				GCC_WARN_ABOUT_RETURN_TYPE = YES_ERROR;
				GCC_WARN_UNDECLARED_SELECTOR = YES;
				GCC_WARN_UNINITIALIZED_AUTOS = YES_AGGRESSIVE;
				GCC_WARN_UNUSED_FUNCTION = YES;
				GCC_WARN_UNUSED_VARIABLE = YES;
				IPHONEOS_DEPLOYMENT_TARGET = 15.5;
				MTL_ENABLE_DEBUG_INFO = INCLUDE_SOURCE;
				MTL_FAST_MATH = YES;
				ONLY_ACTIVE_ARCH = YES;
				SDKROOT = iphoneos;
				SWIFT_ACTIVE_COMPILATION_CONDITIONS = DEBUG;
				SWIFT_OPTIMIZATION_LEVEL = "-Onone";
			};
			name = Debug;
		};
		343FF91028CF5629008C2467 /* Release */ = {
			isa = XCBuildConfiguration;
			buildSettings = {
				ALWAYS_SEARCH_USER_PATHS = NO;
				CLANG_ANALYZER_NONNULL = YES;
				CLANG_ANALYZER_NUMBER_OBJECT_CONVERSION = YES_AGGRESSIVE;
				CLANG_CXX_LANGUAGE_STANDARD = "gnu++17";
				CLANG_ENABLE_MODULES = YES;
				CLANG_ENABLE_OBJC_ARC = YES;
				CLANG_ENABLE_OBJC_WEAK = YES;
				CLANG_WARN_BLOCK_CAPTURE_AUTORELEASING = YES;
				CLANG_WARN_BOOL_CONVERSION = YES;
				CLANG_WARN_COMMA = YES;
				CLANG_WARN_CONSTANT_CONVERSION = YES;
				CLANG_WARN_DEPRECATED_OBJC_IMPLEMENTATIONS = YES;
				CLANG_WARN_DIRECT_OBJC_ISA_USAGE = YES_ERROR;
				CLANG_WARN_DOCUMENTATION_COMMENTS = YES;
				CLANG_WARN_EMPTY_BODY = YES;
				CLANG_WARN_ENUM_CONVERSION = YES;
				CLANG_WARN_INFINITE_RECURSION = YES;
				CLANG_WARN_INT_CONVERSION = YES;
				CLANG_WARN_NON_LITERAL_NULL_CONVERSION = YES;
				CLANG_WARN_OBJC_IMPLICIT_RETAIN_SELF = YES;
				CLANG_WARN_OBJC_LITERAL_CONVERSION = YES;
				CLANG_WARN_OBJC_ROOT_CLASS = YES_ERROR;
				CLANG_WARN_QUOTED_INCLUDE_IN_FRAMEWORK_HEADER = YES;
				CLANG_WARN_RANGE_LOOP_ANALYSIS = YES;
				CLANG_WARN_STRICT_PROTOTYPES = YES;
				CLANG_WARN_SUSPICIOUS_MOVE = YES;
				CLANG_WARN_UNGUARDED_AVAILABILITY = YES_AGGRESSIVE;
				CLANG_WARN_UNREACHABLE_CODE = YES;
				CLANG_WARN__DUPLICATE_METHOD_MATCH = YES;
				COPY_PHASE_STRIP = NO;
				DEBUG_INFORMATION_FORMAT = "dwarf-with-dsym";
				ENABLE_NS_ASSERTIONS = NO;
				ENABLE_STRICT_OBJC_MSGSEND = YES;
				GCC_C_LANGUAGE_STANDARD = gnu11;
				GCC_NO_COMMON_BLOCKS = YES;
				GCC_WARN_64_TO_32_BIT_CONVERSION = YES;
				GCC_WARN_ABOUT_RETURN_TYPE = YES_ERROR;
				GCC_WARN_UNDECLARED_SELECTOR = YES;
				GCC_WARN_UNINITIALIZED_AUTOS = YES_AGGRESSIVE;
				GCC_WARN_UNUSED_FUNCTION = YES;
				GCC_WARN_UNUSED_VARIABLE = YES;
				IPHONEOS_DEPLOYMENT_TARGET = 15.5;
				MTL_ENABLE_DEBUG_INFO = NO;
				MTL_FAST_MATH = YES;
				SDKROOT = iphoneos;
				SWIFT_COMPILATION_MODE = wholemodule;
				SWIFT_OPTIMIZATION_LEVEL = "-O";
				VALIDATE_PRODUCT = YES;
			};
			name = Release;
		};
		343FF91228CF5629008C2467 /* Debug */ = {
			isa = XCBuildConfiguration;
			baseConfigurationReference = CBF32096CFBF756BCC9BC6C7 /* Pods-AttendlyKSU.debug.xcconfig */;
			buildSettings = {
				ASSETCATALOG_COMPILER_APPICON_NAME = AppIcon;
				ASSETCATALOG_COMPILER_GLOBAL_ACCENT_COLOR_NAME = AccentColor;
				CODE_SIGN_STYLE = Automatic;
				CURRENT_PROJECT_VERSION = 1;
				DEVELOPMENT_TEAM = TRZFVT4Q63;
				GENERATE_INFOPLIST_FILE = YES;
				INFOPLIST_FILE = AttendlyKSU/Info.plist;
				INFOPLIST_KEY_UIApplicationSupportsIndirectInputEvents = YES;
				INFOPLIST_KEY_UILaunchStoryboardName = LaunchScreen;
				INFOPLIST_KEY_UIMainStoryboardFile = Main;
				INFOPLIST_KEY_UISupportedInterfaceOrientations_iPad = "UIInterfaceOrientationPortrait UIInterfaceOrientationPortraitUpsideDown UIInterfaceOrientationLandscapeLeft UIInterfaceOrientationLandscapeRight";
				INFOPLIST_KEY_UISupportedInterfaceOrientations_iPhone = "UIInterfaceOrientationPortrait UIInterfaceOrientationLandscapeLeft UIInterfaceOrientationLandscapeRight";
				LD_RUNPATH_SEARCH_PATHS = (
					"$(inherited)",
					"@executable_path/Frameworks",
				);
				MARKETING_VERSION = 1.0;
				PRODUCT_BUNDLE_IDENTIFIER = com.software.AttendlyKSU;
				PRODUCT_NAME = "$(TARGET_NAME)";
				SWIFT_EMIT_LOC_STRINGS = YES;
				SWIFT_VERSION = 5.0;
				TARGETED_DEVICE_FAMILY = "1,2";
			};
			name = Debug;
		};
		343FF91328CF5629008C2467 /* Release */ = {
			isa = XCBuildConfiguration;
			baseConfigurationReference = 614748E36A23D38C516B6F90 /* Pods-AttendlyKSU.release.xcconfig */;
			buildSettings = {
				ASSETCATALOG_COMPILER_APPICON_NAME = AppIcon;
				ASSETCATALOG_COMPILER_GLOBAL_ACCENT_COLOR_NAME = AccentColor;
				CODE_SIGN_STYLE = Automatic;
				CURRENT_PROJECT_VERSION = 1;
				DEVELOPMENT_TEAM = TRZFVT4Q63;
				GENERATE_INFOPLIST_FILE = YES;
				INFOPLIST_FILE = AttendlyKSU/Info.plist;
				INFOPLIST_KEY_UIApplicationSupportsIndirectInputEvents = YES;
				INFOPLIST_KEY_UILaunchStoryboardName = LaunchScreen;
				INFOPLIST_KEY_UIMainStoryboardFile = Main;
				INFOPLIST_KEY_UISupportedInterfaceOrientations_iPad = "UIInterfaceOrientationPortrait UIInterfaceOrientationPortraitUpsideDown UIInterfaceOrientationLandscapeLeft UIInterfaceOrientationLandscapeRight";
				INFOPLIST_KEY_UISupportedInterfaceOrientations_iPhone = "UIInterfaceOrientationPortrait UIInterfaceOrientationLandscapeLeft UIInterfaceOrientationLandscapeRight";
				LD_RUNPATH_SEARCH_PATHS = (
					"$(inherited)",
					"@executable_path/Frameworks",
				);
				MARKETING_VERSION = 1.0;
				PRODUCT_BUNDLE_IDENTIFIER = com.software.AttendlyKSU;
				PRODUCT_NAME = "$(TARGET_NAME)";
				SWIFT_EMIT_LOC_STRINGS = YES;
				SWIFT_VERSION = 5.0;
				TARGETED_DEVICE_FAMILY = "1,2";
			};
			name = Release;
		};
/* End XCBuildConfiguration section */

/* Begin XCConfigurationList section */
		343FF8F828CF5627008C2467 /* Build configuration list for PBXProject "AttendlyKSU" */ = {
			isa = XCConfigurationList;
			buildConfigurations = (
				343FF90F28CF5629008C2467 /* Debug */,
				343FF91028CF5629008C2467 /* Release */,
			);
			defaultConfigurationIsVisible = 0;
			defaultConfigurationName = Release;
		};
		343FF91128CF5629008C2467 /* Build configuration list for PBXNativeTarget "AttendlyKSU" */ = {
			isa = XCConfigurationList;
			buildConfigurations = (
				343FF91228CF5629008C2467 /* Debug */,
				343FF91328CF5629008C2467 /* Release */,
			);
			defaultConfigurationIsVisible = 0;
			defaultConfigurationName = Release;
		};
/* End XCConfigurationList section */

/* Begin XCRemoteSwiftPackageReference section */
		343FF91828CF6694008C2467 /* XCRemoteSwiftPackageReference "firebase-ios-sdk" */ = {
			isa = XCRemoteSwiftPackageReference;
			repositoryURL = "https://github.com/firebase/firebase-ios-sdk";
			requirement = {
				kind = upToNextMajorVersion;
				minimumVersion = 9.0.0;
			};
		};
/* End XCRemoteSwiftPackageReference section */

/* Begin XCSwiftPackageProductDependency section */
		343FF91928CF6694008C2467 /* FirebaseAnalytics */ = {
			isa = XCSwiftPackageProductDependency;
			package = 343FF91828CF6694008C2467 /* XCRemoteSwiftPackageReference "firebase-ios-sdk" */;
			productName = FirebaseAnalytics;
		};
		343FF91B28CF6694008C2467 /* FirebaseAnalyticsOnDeviceConversion */ = {
			isa = XCSwiftPackageProductDependency;
			package = 343FF91828CF6694008C2467 /* XCRemoteSwiftPackageReference "firebase-ios-sdk" */;
			productName = FirebaseAnalyticsOnDeviceConversion;
		};
		343FF91D28CF6694008C2467 /* FirebaseAnalyticsSwift */ = {
			isa = XCSwiftPackageProductDependency;
			package = 343FF91828CF6694008C2467 /* XCRemoteSwiftPackageReference "firebase-ios-sdk" */;
			productName = FirebaseAnalyticsSwift;
		};
		343FF91F28CF6694008C2467 /* FirebaseAnalyticsWithoutAdIdSupport */ = {
			isa = XCSwiftPackageProductDependency;
			package = 343FF91828CF6694008C2467 /* XCRemoteSwiftPackageReference "firebase-ios-sdk" */;
			productName = FirebaseAnalyticsWithoutAdIdSupport;
		};
		343FF92128CF6694008C2467 /* FirebaseAppCheck */ = {
			isa = XCSwiftPackageProductDependency;
			package = 343FF91828CF6694008C2467 /* XCRemoteSwiftPackageReference "firebase-ios-sdk" */;
			productName = FirebaseAppCheck;
		};
		343FF92328CF6694008C2467 /* FirebaseAppDistribution-Beta */ = {
			isa = XCSwiftPackageProductDependency;
			package = 343FF91828CF6694008C2467 /* XCRemoteSwiftPackageReference "firebase-ios-sdk" */;
			productName = "FirebaseAppDistribution-Beta";
		};
		343FF92528CF6694008C2467 /* FirebaseAuth */ = {
			isa = XCSwiftPackageProductDependency;
			package = 343FF91828CF6694008C2467 /* XCRemoteSwiftPackageReference "firebase-ios-sdk" */;
			productName = FirebaseAuth;
		};
		343FF92728CF6694008C2467 /* FirebaseAuthCombine-Community */ = {
			isa = XCSwiftPackageProductDependency;
			package = 343FF91828CF6694008C2467 /* XCRemoteSwiftPackageReference "firebase-ios-sdk" */;
			productName = "FirebaseAuthCombine-Community";
		};
		343FF92928CF6694008C2467 /* FirebaseCrashlytics */ = {
			isa = XCSwiftPackageProductDependency;
			package = 343FF91828CF6694008C2467 /* XCRemoteSwiftPackageReference "firebase-ios-sdk" */;
			productName = FirebaseCrashlytics;
		};
		343FF92B28CF6694008C2467 /* FirebaseDatabase */ = {
			isa = XCSwiftPackageProductDependency;
			package = 343FF91828CF6694008C2467 /* XCRemoteSwiftPackageReference "firebase-ios-sdk" */;
			productName = FirebaseDatabase;
		};
		343FF92D28CF6694008C2467 /* FirebaseDatabaseSwift */ = {
			isa = XCSwiftPackageProductDependency;
			package = 343FF91828CF6694008C2467 /* XCRemoteSwiftPackageReference "firebase-ios-sdk" */;
			productName = FirebaseDatabaseSwift;
		};
		343FF92F28CF6694008C2467 /* FirebaseDynamicLinks */ = {
			isa = XCSwiftPackageProductDependency;
			package = 343FF91828CF6694008C2467 /* XCRemoteSwiftPackageReference "firebase-ios-sdk" */;
			productName = FirebaseDynamicLinks;
		};
		343FF93128CF6694008C2467 /* FirebaseFirestore */ = {
			isa = XCSwiftPackageProductDependency;
			package = 343FF91828CF6694008C2467 /* XCRemoteSwiftPackageReference "firebase-ios-sdk" */;
			productName = FirebaseFirestore;
		};
		343FF93328CF6694008C2467 /* FirebaseFirestoreCombine-Community */ = {
			isa = XCSwiftPackageProductDependency;
			package = 343FF91828CF6694008C2467 /* XCRemoteSwiftPackageReference "firebase-ios-sdk" */;
			productName = "FirebaseFirestoreCombine-Community";
		};
		343FF93528CF6694008C2467 /* FirebaseFirestoreSwift */ = {
			isa = XCSwiftPackageProductDependency;
			package = 343FF91828CF6694008C2467 /* XCRemoteSwiftPackageReference "firebase-ios-sdk" */;
			productName = FirebaseFirestoreSwift;
		};
		343FF93728CF6694008C2467 /* FirebaseFunctions */ = {
			isa = XCSwiftPackageProductDependency;
			package = 343FF91828CF6694008C2467 /* XCRemoteSwiftPackageReference "firebase-ios-sdk" */;
			productName = FirebaseFunctions;
		};
		343FF93928CF6694008C2467 /* FirebaseFunctionsCombine-Community */ = {
			isa = XCSwiftPackageProductDependency;
			package = 343FF91828CF6694008C2467 /* XCRemoteSwiftPackageReference "firebase-ios-sdk" */;
			productName = "FirebaseFunctionsCombine-Community";
		};
		343FF93B28CF6694008C2467 /* FirebaseInAppMessaging-Beta */ = {
			isa = XCSwiftPackageProductDependency;
			package = 343FF91828CF6694008C2467 /* XCRemoteSwiftPackageReference "firebase-ios-sdk" */;
			productName = "FirebaseInAppMessaging-Beta";
		};
		343FF93D28CF6694008C2467 /* FirebaseInAppMessagingSwift-Beta */ = {
			isa = XCSwiftPackageProductDependency;
			package = 343FF91828CF6694008C2467 /* XCRemoteSwiftPackageReference "firebase-ios-sdk" */;
			productName = "FirebaseInAppMessagingSwift-Beta";
		};
		343FF93F28CF6694008C2467 /* FirebaseInstallations */ = {
			isa = XCSwiftPackageProductDependency;
			package = 343FF91828CF6694008C2467 /* XCRemoteSwiftPackageReference "firebase-ios-sdk" */;
			productName = FirebaseInstallations;
		};
		343FF94128CF6694008C2467 /* FirebaseMLModelDownloader */ = {
			isa = XCSwiftPackageProductDependency;
			package = 343FF91828CF6694008C2467 /* XCRemoteSwiftPackageReference "firebase-ios-sdk" */;
			productName = FirebaseMLModelDownloader;
		};
		343FF94328CF6694008C2467 /* FirebaseMessaging */ = {
			isa = XCSwiftPackageProductDependency;
			package = 343FF91828CF6694008C2467 /* XCRemoteSwiftPackageReference "firebase-ios-sdk" */;
			productName = FirebaseMessaging;
		};
		343FF94528CF6694008C2467 /* FirebasePerformance */ = {
			isa = XCSwiftPackageProductDependency;
			package = 343FF91828CF6694008C2467 /* XCRemoteSwiftPackageReference "firebase-ios-sdk" */;
			productName = FirebasePerformance;
		};
		343FF94728CF6694008C2467 /* FirebaseRemoteConfig */ = {
			isa = XCSwiftPackageProductDependency;
			package = 343FF91828CF6694008C2467 /* XCRemoteSwiftPackageReference "firebase-ios-sdk" */;
			productName = FirebaseRemoteConfig;
		};
		343FF94928CF6694008C2467 /* FirebaseRemoteConfigSwift */ = {
			isa = XCSwiftPackageProductDependency;
			package = 343FF91828CF6694008C2467 /* XCRemoteSwiftPackageReference "firebase-ios-sdk" */;
			productName = FirebaseRemoteConfigSwift;
		};
		343FF94B28CF6694008C2467 /* FirebaseStorage */ = {
			isa = XCSwiftPackageProductDependency;
			package = 343FF91828CF6694008C2467 /* XCRemoteSwiftPackageReference "firebase-ios-sdk" */;
			productName = FirebaseStorage;
		};
		343FF94D28CF6694008C2467 /* FirebaseStorageCombine-Community */ = {
			isa = XCSwiftPackageProductDependency;
			package = 343FF91828CF6694008C2467 /* XCRemoteSwiftPackageReference "firebase-ios-sdk" */;
			productName = "FirebaseStorageCombine-Community";
		};
/* End XCSwiftPackageProductDependency section */
	};
	rootObject = 343FF8F528CF5627008C2467 /* Project object */;
}
